
Microsoft Visual Studio Solution File, Format Version 12.00
# Visual Studio Version 17
VisualStudioVersion = 17.0.31903.59
MinimumVisualStudioVersion = 10.0.40219.1
Project("{FAE04EC0-301F-11D3-BF4B-00C04F79EFBC}") = "Domain", "Domain\Domain.csproj", "{CD1E2D1B-ECC3-4A89-9123-C02484D4E196}"
EndProject
Project("{FAE04EC0-301F-11D3-BF4B-00C04F79EFBC}") = "Application", "Application\Application.csproj", "{BC21FF78-F67F-4704-A632-CD8F6499937C}"
EndProject
Project("{FAE04EC0-301F-11D3-BF4B-00C04F79EFBC}") = "Persistence", "Persistence\Persistence.csproj", "{94B50ACC-CA54-459C-8386-DB020A4B602F}"
EndProject
Project("{FAE04EC0-301F-11D3-BF4B-00C04F79EFBC}") = "API", "API\API.csproj", "{4E232562-C3AA-4B24-8E8E-12014AF3EB52}"
EndProject
Global
	GlobalSection(SolutionConfigurationPlatforms) = preSolution
		Debug|Any CPU = Debug|Any CPU
		Release|Any CPU = Release|Any CPU
	EndGlobalSection
	GlobalSection(SolutionProperties) = preSolution
		HideSolutionNode = FALSE
	EndGlobalSection
	GlobalSection(ProjectConfigurationPlatforms) = postSolution
		{CD1E2D1B-ECC3-4A89-9123-C02484D4E196}.Debug|Any CPU.ActiveCfg = Debug|Any CPU
		{CD1E2D1B-ECC3-4A89-9123-C02484D4E196}.Debug|Any CPU.Build.0 = Debug|Any CPU
		{CD1E2D1B-ECC3-4A89-9123-C02484D4E196}.Release|Any CPU.ActiveCfg = Release|Any CPU
		{CD1E2D1B-ECC3-4A89-9123-C02484D4E196}.Release|Any CPU.Build.0 = Release|Any CPU
		{BC21FF78-F67F-4704-A632-CD8F6499937C}.Debug|Any CPU.ActiveCfg = Debug|Any CPU
		{BC21FF78-F67F-4704-A632-CD8F6499937C}.Debug|Any CPU.Build.0 = Debug|Any CPU
		{BC21FF78-F67F-4704-A632-CD8F6499937C}.Release|Any CPU.ActiveCfg = Release|Any CPU
		{BC21FF78-F67F-4704-A632-CD8F6499937C}.Release|Any CPU.Build.0 = Release|Any CPU
		{94B50ACC-CA54-459C-8386-DB020A4B602F}.Debug|Any CPU.ActiveCfg = Debug|Any CPU
		{94B50ACC-CA54-459C-8386-DB020A4B602F}.Debug|Any CPU.Build.0 = Debug|Any CPU
		{94B50ACC-CA54-459C-8386-DB020A4B602F}.Release|Any CPU.ActiveCfg = Release|Any CPU
		{94B50ACC-CA54-459C-8386-DB020A4B602F}.Release|Any CPU.Build.0 = Release|Any CPU
		{4E232562-C3AA-4B24-8E8E-12014AF3EB52}.Debug|Any CPU.ActiveCfg = Debug|Any CPU
		{4E232562-C3AA-4B24-8E8E-12014AF3EB52}.Debug|Any CPU.Build.0 = Debug|Any CPU
		{4E232562-C3AA-4B24-8E8E-12014AF3EB52}.Release|Any CPU.ActiveCfg = Release|Any CPU
		{4E232562-C3AA-4B24-8E8E-12014AF3EB52}.Release|Any CPU.Build.0 = Release|Any CPU
	EndGlobalSection
EndGlobal
